CHARACTER_IDENTITY_LOCK:
  name: "Rafiq \"Riff\" Khan"
  franchise: "SMACKDOWN IN BOMBAY"
  archetype: "1970s/early-1980s Bollywood action-horror musical leading man"
  source_reference: "/Users/speed/Documents/Codex/2026-04-27/ok-we-created-a-gpt-image/poster_smackdown_bombay.png"
  role: "hero guitarist whose music becomes the defensive weapon"
  build: "lean heroic adult Indian male; broad-shouldered but not bodybuilder"
  face: "warm brown skin; expressive dark eyes; clean-shaven strong cheekbones; anxious heroic upward gaze"
  hair: "thick wavy black 1970s Bollywood shag; sideburns; high crown volume"
  costume: "white / cream embroidered kurta and pajama with warm gold-red trim accents"
  prop: "red sunburst electric guitar with chrome pickups, black pickguard, long fretboard silhouette"
  strap: "black-gold embroidered diagonal guitar strap, always visible across chest"
  color_palette:
    cream_kurta: "#F8E8C6"
    vermilion_guitar: "#7B1A12"
    burnt_orange_light: "#D96516"
    aged_gold_trim: "#C49A3B"
    charcoal_hair: "#211816"
    smoke_blue_shadow: "#2E5366"
  aesthetic: "hand-painted Bollywood exploitation poster, smoky orange stage light, aged paper grain, dramatic low-angle composition"
  avoid:
    - "horror villain features on the hero"
    - "gore or blood focus"
    - "modern clothing, modern logos, modern stage gear"
    - "replacement instruments"
    - "photoreal celebrity likeness"
    - "readable fake typography inside character panels"
